
Microsoft Visual Studio Solution File, Format Version 12.00
# Visual Studio Version 16
VisualStudioVersion = 16.0.30011.22
MinimumVisualStudioVersion = 10.0.40219.1
Project("{FAE04EC0-301F-11D3-BF4B-00C04F79EFBC}") = "EventApplication", "EventApplication\EventApplication.csproj", "{A439C209-8F55-47EC-9935-AADDCCD9C70F}"
EndProject
Project("{FAE04EC0-301F-11D3-BF4B-00C04F79EFBC}") = "EventApplication.Tests", "EventApplication.Tests\EventApplication.Tests.csproj", "{F7DCE525-6D33-43A5-888F-B1F353312B77}"
EndProject
Global
	GlobalSection(SolutionConfigurationPlatforms) = preSolution
		Debug|Any CPU = Debug|Any CPU
		Release|Any CPU = Release|Any CPU
	EndGlobalSection
	GlobalSection(ProjectConfigurationPlatforms) = postSolution
		{A439C209-8F55-47EC-9935-AADDCCD9C70F}.Debug|Any CPU.ActiveCfg = Debug|Any CPU
		{A439C209-8F55-47EC-9935-AADDCCD9C70F}.Debug|Any CPU.Build.0 = Debug|Any CPU
		{A439C209-8F55-47EC-9935-AADDCCD9C70F}.Release|Any CPU.ActiveCfg = Release|Any CPU
		{A439C209-8F55-47EC-9935-AADDCCD9C70F}.Release|Any CPU.Build.0 = Release|Any CPU
		{F7DCE525-6D33-43A5-888F-B1F353312B77}.Debug|Any CPU.ActiveCfg = Debug|Any CPU
		{F7DCE525-6D33-43A5-888F-B1F353312B77}.Debug|Any CPU.Build.0 = Debug|Any CPU
		{F7DCE525-6D33-43A5-888F-B1F353312B77}.Release|Any CPU.ActiveCfg = Release|Any CPU
		{F7DCE525-6D33-43A5-888F-B1F353312B77}.Release|Any CPU.Build.0 = Release|Any CPU
	EndGlobalSection
	GlobalSection(SolutionProperties) = preSolution
		HideSolutionNode = FALSE
	EndGlobalSection
	GlobalSection(ExtensibilityGlobals) = postSolution
		SolutionGuid = {00F325FD-FD68-4961-85D0-094169D01C33}
	EndGlobalSection
EndGlobal
